
Microsoft Visual Studio Solution File, Format Version 12.00
# Visual Studio Version 17
VisualStudioVersion = 17.6.33712.159
MinimumVisualStudioVersion = 10.0.40219.1
Project("{FAE04EC0-301F-11D3-BF4B-00C04F79EFBC}") = "Gifter", "Gifter\Gifter.csproj", "{51718926-61CC-4A1A-B4A1-6D1993678541}"
EndProject
Global
	GlobalSection(SolutionConfigurationPlatforms) = preSolution
		Debug|Any CPU = Debug|Any CPU
		Release|Any CPU = Release|Any CPU
	EndGlobalSection
	GlobalSection(ProjectConfigurationPlatforms) = postSolution
		{51718926-61CC-4A1A-B4A1-6D1993678541}.Debug|Any CPU.ActiveCfg = Debug|Any CPU
		{51718926-61CC-4A1A-B4A1-6D1993678541}.Debug|Any CPU.Build.0 = Debug|Any CPU
		{51718926-61CC-4A1A-B4A1-6D1993678541}.Release|Any CPU.ActiveCfg = Release|Any CPU
		{51718926-61CC-4A1A-B4A1-6D1993678541}.Release|Any CPU.Build.0 = Release|Any CPU
	EndGlobalSection
	GlobalSection(SolutionProperties) = preSolution
		HideSolutionNode = FALSE
	EndGlobalSection
	GlobalSection(ExtensibilityGlobals) = postSolution
		SolutionGuid = {292CD244-84B5-4804-83D8-7AC48D029B57}
	EndGlobalSection
EndGlobal
